{
  "lockfile_version": "1",
  "packages": {
    "git@latest": {
      "last_modified": "2026-04-23T13:07:47Z",
      "resolved": "github:NixOS/nixpkgs/01fbdeef22b76df85ea168fbfe1bfd9e63681b30#git",
      "source": "devbox-search",
      "version": "2.53.0",
      "systems": {
        "aarch64-darwin": {
          "outputs": [
            {
              "name": "out",
              "path": "/nix/store/5y6cp247hspkqa7pp6cbc4540ygx0249-git-2.53.0",
              "default": true
            },
            {
              "name": "doc",
              "path": "/nix/store/0kjpgj1grgba239ykdnv1cjc61xqk3aa-git-2.53.0-doc"
            }
          ],
          "store_path": "/nix/store/5y6cp247hspkqa7pp6cbc4540ygx0249-git-2.53.0"
        },
        "aarch64-linux": {
          "outputs": [
            {
              "name": "out",
              "path": "/nix/store/gx9r7g2kyrjhh0zhgxz91f5nbczxh1ac-git-2.53.0",
              "default": true
            },
            {
              "name": "doc",
              "path": "/nix/store/q8j5mwix1g75xyq025d3hmringklm52z-git-2.53.0-doc"
            },
            {
              "name": "debug",
              "path": "/nix/store/rc56a3l2wby94gk9gvirpwi9hv9v15gi-git-2.53.0-debug"
            }
          ],
          "store_path": "/nix/store/gx9r7g2kyrjhh0zhgxz91f5nbczxh1ac-git-2.53.0"
        },
        "x86_64-darwin": {
          "outputs": [
            {
              "name": "out",
              "path": "/nix/store/zar16r8w28c6qjdh3xqnkjcmvjjqwi77-git-2.53.0",
              "default": true
            },
            {
              "name": "doc",
              "path": "/nix/store/9jcm7zadfi5wsic3kizs4x71a8dqlj83-git-2.53.0-doc"
            }
          ],
          "store_path": "/nix/store/zar16r8w28c6qjdh3xqnkjcmvjjqwi77-git-2.53.0"
        },
        "x86_64-linux": {
          "outputs": [
            {
              "name": "out",
              "path": "/nix/store/c0277k5giric1mn9dklllavbzvxl6hzb-git-2.53.0",
              "default": true
            },
            {
              "name": "debug",
              "path": "/nix/store/qyqya20z59d164d6692hlyb9pkq10ykk-git-2.53.0-debug"
            },
            {
              "name": "doc",
              "path": "/nix/store/vv1ap6qaxdzpa4jqg71myxh5wcvnlqv8-git-2.53.0-doc"
            }
          ],
          "store_path": "/nix/store/c0277k5giric1mn9dklllavbzvxl6hzb-git-2.53.0"
        }
      }
    },
    "github:NixOS/nixpkgs/nixpkgs-unstable": {
      "last_modified": "2026-04-16T08:46:55Z",
      "resolved": "github:NixOS/nixpkgs/b86751bc4085f48661017fa226dee99fab6c651b?lastModified=1776329215&narHash=sha256-a8BYi3mzoJ%2FAcJP8UldOx8emoPRLeWqALZWu4ZvjPXw%3D"
    },
    "go@latest": {
      "last_modified": "2026-04-23T13:07:47Z",
      "resolved": "github:NixOS/nixpkgs/01fbdeef22b76df85ea168fbfe1bfd9e63681b30#go",
      "source": "devbox-search",
      "version": "1.26.2",
      "systems": {
        "aarch64-darwin": {
          "outputs": [
            {
              "name": "out",
              "path": "/nix/store/fkzywh7rg8lg1n2p0r161iqjwhz540wx-go-1.26.2",
              "default": true
            }
          ],
          "store_path": "/nix/store/fkzywh7rg8lg1n2p0r161iqjwhz540wx-go-1.26.2"
        },
        "aarch64-linux": {
          "outputs": [
            {
              "name": "out",
              "path": "/nix/store/w4i7p78y3735jcy69sk4lcy9zyxr0cav-go-1.26.2",
              "default": true
            }
          ],
          "store_path": "/nix/store/w4i7p78y3735jcy69sk4lcy9zyxr0cav-go-1.26.2"
        },
        "x86_64-darwin": {
          "outputs": [
            {
              "name": "out",
              "path": "/nix/store/g0b45l45nlb1kqiywzja7fh49yn7lla5-go-1.26.2",
              "default": true
            }
          ],
          "store_path": "/nix/store/g0b45l45nlb1kqiywzja7fh49yn7lla5-go-1.26.2"
        },
        "x86_64-linux": {
          "outputs": [
            {
              "name": "out",
              "path": "/nix/store/dimnagks1qsp7180yw74z0npp7z2ihs3-go-1.26.2",
              "default": true
            }
          ],
          "store_path": "/nix/store/dimnagks1qsp7180yw74z0npp7z2ihs3-go-1.26.2"
        }
      }
    },
    "golangci-lint@latest": {
      "last_modified": "2026-05-07T03:23:16Z",
      "resolved": "github:NixOS/nixpkgs/68a8af93ff4297686cb68880845e61e5e2e41d92#golangci-lint",
      "source": "devbox-search",
      "version": "2.12.2",
      "systems": {
        "aarch64-darwin": {
          "outputs": [
            {
              "name": "out",
              "path": "/nix/store/nzhf361nlv2smh50jv1inlryzlak4fya-golangci-lint-2.12.2",
              "default": true
            }
          ],
          "store_path": "/nix/store/nzhf361nlv2smh50jv1inlryzlak4fya-golangci-lint-2.12.2"
        },
        "aarch64-linux": {
          "outputs": [
            {
              "name": "out",
              "path": "/nix/store/4ia7mxwwk6h1dndh5lpd31vvqblc2zf8-golangci-lint-2.12.2",
              "default": true
            }
          ],
          "store_path": "/nix/store/4ia7mxwwk6h1dndh5lpd31vvqblc2zf8-golangci-lint-2.12.2"
        },
        "x86_64-darwin": {
          "outputs": [
            {
              "name": "out",
              "path": "/nix/store/90ygwc3q2z11g582s87938kk36ird6ly-golangci-lint-2.12.2",
              "default": true
            }
          ],
          "store_path": "/nix/store/90ygwc3q2z11g582s87938kk36ird6ly-golangci-lint-2.12.2"
        },
        "x86_64-linux": {
          "outputs": [
            {
              "name": "out",
              "path": "/nix/store/7n9yf0ca2z9qgywb70145imqdkcnp0r6-golangci-lint-2.12.2",
              "default": true
            }
          ],
          "store_path": "/nix/store/7n9yf0ca2z9qgywb70145imqdkcnp0r6-golangci-lint-2.12.2"
        }
      }
    },
    "goreleaser@latest": {
      "last_modified": "2026-04-27T06:11:55Z",
      "resolved": "github:NixOS/nixpkgs/6368eda62c9775c38ef7f714b2555a741c20c72d#goreleaser",
      "source": "devbox-search",
      "version": "2.15.4",
      "systems": {
        "aarch64-darwin": {
          "outputs": [
            {
              "name": "out",
              "path": "/nix/store/4fz0ma3pfmwbf324yhskc9yz9h0zzrvq-goreleaser-2.15.4",
              "default": true
            }
          ],
          "store_path": "/nix/store/4fz0ma3pfmwbf324yhskc9yz9h0zzrvq-goreleaser-2.15.4"
        },
        "aarch64-linux": {
          "outputs": [
            {
              "name": "out",
              "path": "/nix/store/x3iw7g6r6kjslln5kp6nwpxnci3sjvpd-goreleaser-2.15.4",
              "default": true
            }
          ],
          "store_path": "/nix/store/x3iw7g6r6kjslln5kp6nwpxnci3sjvpd-goreleaser-2.15.4"
        },
        "x86_64-darwin": {
          "outputs": [
            {
              "name": "out",
              "path": "/nix/store/qzrj7qi4anya8a547sz4arghkgr3iy38-goreleaser-2.15.4",
              "default": true
            }
          ],
          "store_path": "/nix/store/qzrj7qi4anya8a547sz4arghkgr3iy38-goreleaser-2.15.4"
        },
        "x86_64-linux": {
          "outputs": [
            {
              "name": "out",
              "path": "/nix/store/ipz4kwc92pfwdwya6dg99am0pf87wmxp-goreleaser-2.15.4",
              "default": true
            }
          ],
          "store_path": "/nix/store/ipz4kwc92pfwdwya6dg99am0pf87wmxp-goreleaser-2.15.4"
        }
      }
    },
    "govulncheck@latest": {
      "last_modified": "2026-04-27T06:11:55Z",
      "resolved": "github:NixOS/nixpkgs/6368eda62c9775c38ef7f714b2555a741c20c72d#govulncheck",
      "source": "devbox-search",
      "version": "1.3.0",
      "systems": {
        "aarch64-darwin": {
          "outputs": [
            {
              "name": "out",
              "path": "/nix/store/qxbrnj01zpdg0x7rsmv14j7fgf94q1nq-govulncheck-1.3.0",
              "default": true
            }
          ],
          "store_path": "/nix/store/qxbrnj01zpdg0x7rsmv14j7fgf94q1nq-govulncheck-1.3.0"
        },
        "aarch64-linux": {
          "outputs": [
            {
              "name": "out",
              "path": "/nix/store/bi45ipwkzfak6kg6bypczgjzsfdzf50l-govulncheck-1.3.0",
              "default": true
            }
          ],
          "store_path": "/nix/store/bi45ipwkzfak6kg6bypczgjzsfdzf50l-govulncheck-1.3.0"
        },
        "x86_64-darwin": {
          "outputs": [
            {
              "name": "out",
              "path": "/nix/store/p2pzzj0j9f5m5gpbxc4d0yxlxcrl25g4-govulncheck-1.3.0",
              "default": true
            }
          ],
          "store_path": "/nix/store/p2pzzj0j9f5m5gpbxc4d0yxlxcrl25g4-govulncheck-1.3.0"
        },
        "x86_64-linux": {
          "outputs": [
            {
              "name": "out",
              "path": "/nix/store/qghnjlmg205xq2yaay0z7bkb6xxvfi9f-govulncheck-1.3.0",
              "default": true
            }
          ],
          "store_path": "/nix/store/qghnjlmg205xq2yaay0z7bkb6xxvfi9f-govulncheck-1.3.0"
        }
      }
    },
    "mage@latest": {
      "last_modified": "2026-04-27T06:11:55Z",
      "resolved": "github:NixOS/nixpkgs/6368eda62c9775c38ef7f714b2555a741c20c72d#mage",
      "source": "devbox-search",
      "version": "1.17.2",
      "systems": {
        "aarch64-darwin": {
          "outputs": [
            {
              "name": "out",
              "path": "/nix/store/76ra0v2yzyxh1c4ija8r15nk8ghvv4nf-mage-1.17.2",
              "default": true
            }
          ],
          "store_path": "/nix/store/76ra0v2yzyxh1c4ija8r15nk8ghvv4nf-mage-1.17.2"
        },
        "aarch64-linux": {
          "outputs": [
            {
              "name": "out",
              "path": "/nix/store/z056kvwvj93957x678vi5fr8cg1jw3z5-mage-1.17.2",
              "default": true
            }
          ],
          "store_path": "/nix/store/z056kvwvj93957x678vi5fr8cg1jw3z5-mage-1.17.2"
        },
        "x86_64-darwin": {
          "outputs": [
            {
              "name": "out",
              "path": "/nix/store/ilyzaibxk2491d8wqfa68pdgymivgx0k-mage-1.17.2",
              "default": true
            }
          ],
          "store_path": "/nix/store/ilyzaibxk2491d8wqfa68pdgymivgx0k-mage-1.17.2"
        },
        "x86_64-linux": {
          "outputs": [
            {
              "name": "out",
              "path": "/nix/store/qj7q4idw9hzi5dgvpbv6xq77lp30dg2k-mage-1.17.2",
              "default": true
            }
          ],
          "store_path": "/nix/store/qj7q4idw9hzi5dgvpbv6xq77lp30dg2k-mage-1.17.2"
        }
      }
    }
  }
}
